github.com/dusted-go/logging v1.3.0 h1:SL/EH1Rp27oJQIte+LjWvWACSnYDTqNx5gZULin0XRY=
github.com/dusted-go/logging v1.3.0/go.mod h1:s58+s64zE5fxSWWZfp+b8ZV0CHyKHjamITGyuY1wzGg=
github.com/go-chi/chi/v5 v5.1.0 h1:acVI1TYaD+hhedDJ3r54HyA6sExp3HfXq7QWEEY/xMw=
github.com/go-chi/chi/v5 v5.1.0/go.mod h1:DslCQbL2OYiznFReuXYUmQ2hGd1aDpCnlMNITLSKoi8=
